{
  "name": "dotfiles-codex-auth",
  "version": "0.1.0",
  "lockfileVersion": 3,
  "requires": true,
  "packages": {
    "": {
      "name": "dotfiles-codex-auth",
      "version": "0.1.0",
      "dependencies": {
        "@loongphy/codex-auth": "0.3.0"
      }
    },
    "node_modules/@loongphy/codex-auth": {
      "version": "0.3.0",
      "resolved": "https://registry.npmjs.org/@loongphy/codex-auth/-/codex-auth-0.3.0.tgz",
      "integrity": "sha512-GCAvLKRRq+UfPwntB94+PYQBLsTeYDnBwUrqkGU/0cT6ZNQTHG81eGdevNP+aEtPfl/qFC3VxRkbW9BiIHNrdA==",
      "license": "MIT",
      "bin": {
        "codex-auth": "bin/codex-auth.js"
      },
      "optionalDependencies": {
        "@loongphy/codex-auth-darwin-arm64": "0.3.0",
        "@loongphy/codex-auth-darwin-x64": "0.3.0",
        "@loongphy/codex-auth-linux-arm64": "0.3.0",
        "@loongphy/codex-auth-linux-x64": "0.3.0",
        "@loongphy/codex-auth-win32-arm64": "0.3.0",
        "@loongphy/codex-auth-win32-x64": "0.3.0"
      }
    },
    "node_modules/@loongphy/codex-auth-darwin-arm64": {
      "version": "0.3.0",
      "resolved": "https://registry.npmjs.org/@loongphy/codex-auth-darwin-arm64/-/codex-auth-darwin-arm64-0.3.0.tgz",
      "integrity": "sha512-PABu/j+0pOIz4dcDhrWL1AIAO52vIvvjTMSYaBHW0Cr/a/T8sKnhLaBoaFO0jEclhV2l5E+DNpaYPNzwWajBKA==",
      "cpu": [
        "arm64"
      ],
      "license": "MIT",
      "optional": true,
      "os": [
        "darwin"
      ]
    },
    "node_modules/@loongphy/codex-auth-darwin-x64": {
      "version": "0.3.0",
      "resolved": "https://registry.npmjs.org/@loongphy/codex-auth-darwin-x64/-/codex-auth-darwin-x64-0.3.0.tgz",
      "integrity": "sha512-gnynSXqqJnGvboJyGJSCcSrnZKvv1TKt8nmQ1JXyyOfihfkWfBVLU1d1F2h9FgTNcF75WJI4Zs7a5b3+hY9j6Q==",
      "cpu": [
        "x64"
      ],
      "license": "MIT",
      "optional": true,
      "os": [
        "darwin"
      ]
    },
    "node_modules/@loongphy/codex-auth-linux-arm64": {
      "version": "0.3.0",
      "resolved": "https://registry.npmjs.org/@loongphy/codex-auth-linux-arm64/-/codex-auth-linux-arm64-0.3.0.tgz",
      "integrity": "sha512-IRSgtoSZRQkD84oRgSI/CGXbsduP9NrDemYAwHPZS0K3YysIUGN5oVvRVPoP2SZAoF3RVDmQn8TCCAfe18ol9Q==",
      "cpu": [
        "arm64"
      ],
      "license": "MIT",
      "optional": true,
      "os": [
        "linux"
      ]
    },
    "node_modules/@loongphy/codex-auth-linux-x64": {
      "version": "0.3.0",
      "resolved": "https://registry.npmjs.org/@loongphy/codex-auth-linux-x64/-/codex-auth-linux-x64-0.3.0.tgz",
      "integrity": "sha512-9xduXTO3R/xl5cOIW4RUVcWrYXvB59fiAf0bY3OADPMTOA8rs8O619puGM1fBa4Gm1BBIRRz85dm3RI/orBFJQ==",
      "cpu": [
        "x64"
      ],
      "license": "MIT",
      "optional": true,
      "os": [
        "linux"
      ]
    },
    "node_modules/@loongphy/codex-auth-win32-arm64": {
      "version": "0.3.0",
      "resolved": "https://registry.npmjs.org/@loongphy/codex-auth-win32-arm64/-/codex-auth-win32-arm64-0.3.0.tgz",
      "integrity": "sha512-gG7zkdMVy5tum54HN/4EQGdnd4YTlIF+06ducAaSCel0EWgQapdGRvAOh6Y3D83sUEPdmwueuT12uXcnobPdMA==",
      "cpu": [
        "arm64"
      ],
      "license": "MIT",
      "optional": true,
      "os": [
        "win32"
      ]
    },
    "node_modules/@loongphy/codex-auth-win32-x64": {
      "version": "0.3.0",
      "resolved": "https://registry.npmjs.org/@loongphy/codex-auth-win32-x64/-/codex-auth-win32-x64-0.3.0.tgz",
      "integrity": "sha512-NUwfHd7UesbiKORomA3FWDINzo/JPNo/d5Gt+yuh1n3J7/zm6JLaMtji8jDPrRc4OI4FRiQCv5mG2e7GNoU0sg==",
      "cpu": [
        "x64"
      ],
      "license": "MIT",
      "optional": true,
      "os": [
        "win32"
      ]
    }
  }
}
